
Microsoft Visual Studio Solution File, Format Version 12.00
# Visual Studio Version 17
VisualStudioVersion = 17.1.32407.343
MinimumVisualStudioVersion = 10.0.40219.1
Project("{9A19103F-16F7-4668-BE54-9A1E7A4F7556}") = "DesingSellPoint", "DesingSellPoint\DesingSellPoint.csproj", "{92BA9AE7-745B-40C6-8E87-4B7268729AB9}"
EndProject
Project("{9A19103F-16F7-4668-BE54-9A1E7A4F7556}") = "BusinessLayer", "BusinessLayer\BusinessLayer.csproj", "{E76F5631-C079-4617-B256-E2C92AFB1C14}"
EndProject
Global
	GlobalSection(SolutionConfigurationPlatforms) = preSolution
		Debug|Any CPU = Debug|Any CPU
		Release|Any CPU = Release|Any CPU
	EndGlobalSection
	GlobalSection(ProjectConfigurationPlatforms) = postSolution
		{92BA9AE7-745B-40C6-8E87-4B7268729AB9}.Debug|Any CPU.ActiveCfg = Debug|Any CPU
		{92BA9AE7-745B-40C6-8E87-4B7268729AB9}.Debug|Any CPU.Build.0 = Debug|Any CPU
		{92BA9AE7-745B-40C6-8E87-4B7268729AB9}.Release|Any CPU.ActiveCfg = Release|Any CPU
		{92BA9AE7-745B-40C6-8E87-4B7268729AB9}.Release|Any CPU.Build.0 = Release|Any CPU
		{E76F5631-C079-4617-B256-E2C92AFB1C14}.Debug|Any CPU.ActiveCfg = Debug|Any CPU
		{E76F5631-C079-4617-B256-E2C92AFB1C14}.Debug|Any CPU.Build.0 = Debug|Any CPU
		{E76F5631-C079-4617-B256-E2C92AFB1C14}.Release|Any CPU.ActiveCfg = Release|Any CPU
		{E76F5631-C079-4617-B256-E2C92AFB1C14}.Release|Any CPU.Build.0 = Release|Any CPU
	EndGlobalSection
	GlobalSection(SolutionProperties) = preSolution
		HideSolutionNode = FALSE
	EndGlobalSection
	GlobalSection(ExtensibilityGlobals) = postSolution
		SolutionGuid = {071F4263-A91C-4136-BEE2-8203870772A9}
	EndGlobalSection
EndGlobal
